{
    "_readme": [
        "This file locks the dependencies of your project to a known state",
        "Read more about it at https://getcomposer.org/doc/01-basic-usage.md#installing-dependencies",
        "This file is @generated automatically"
    ],
    "content-hash": "010b318e2a0f0487568489107b5f7d46",
    "packages": [
        {
            "name": "composer/package-versions-deprecated",
            "version": "1.11.99.5",
            "source": {
                "type": "git",
                "url": "https://github.com/composer/package-versions-deprecated.git",
                "reference": "b4f54f74ef3453349c24a845d22392cd31e65f1d"
            },
            "dist": {
                "type": "zip",
                "url": "https://api.github.com/repos/composer/package-versions-deprecated/zipball/b4f54f74ef3453349c24a845d22392cd31e65f1d",
                "reference": "b4f54f74ef3453349c24a845d22392cd31e65f1d",
                "shasum": ""
            },
            "require": {
                "composer-plugin-api": "^1.1.0 || ^2.0",
                "php": "^7 || ^8"
            },
            "replace": {
                "ocramius/package-versions": "1.11.99"
            },
            "require-dev": {
                "composer/composer": "^1.9.3 || ^2.0@dev",
                "ext-zip": "^1.13",
                "phpunit/phpunit": "^6.5 || ^7"
            },
            "type": "composer-plugin",
            "extra": {
                "class": "PackageVersions\\Installer",
                "branch-alias": {
                    "dev-master": "1.x-dev"
                }
            },
            "autoload": {
                "psr-4": {
                    "PackageVersions\\": "src/PackageVersions"
                }
            },
            "notification-url": "https://packagist.org/downloads/",
            "license": [
                "MIT"
            ],
            "authors": [
                {
                    "name": "Marco Pivetta",
                    "email": "ocramius@gmail.com"
                },
                {
                    "name": "Jordi Boggiano",
                    "email": "j.boggiano@seld.be"
                }
            ],
            "description": "Composer plugin that provides efficient querying for installed package versions (no runtime IO)",
            "support": {
                "issues": "https://github.com/composer/package-versions-deprecated/issues",
                "source": "https://github.com/composer/package-versions-deprecated/tree/1.11.99.5"
            },
            "funding": [
                {
                    "url": "https://packagist.com",
                    "type": "custom"
                },
                {
                    "url": "https://github.com/composer",
                    "type": "github"
                },
                {
                    "url": "https://tidelift.com/funding/github/packagist/composer/composer",
                    "type": "tidelift"
                }
            ],
            "time": "2022-01-17T14:14:24+00:00"
        },
        {
            "name": "jean85/pretty-package-versions",
            "version": "1.6.0",
            "source": {
                "type": "git",
                "url": "https://github.com/Jean85/pretty-package-versions.git",
                "reference": "1e0104b46f045868f11942aea058cd7186d6c303"
            },
            "dist": {
                "type": "zip",
                "url": "https://api.github.com/repos/Jean85/pretty-package-versions/zipball/1e0104b46f045868f11942aea058cd7186d6c303",
                "reference": "1e0104b46f045868f11942aea058cd7186d6c303",
                "shasum": ""
            },
            "require": {
                "composer/package-versions-deprecated": "^1.8.0",
                "php": "^7.0|^8.0"
            },
            "require-dev": {
                "phpunit/phpunit": "^6.0|^8.5|^9.2"
            },
            "type": "library",
            "extra": {
                "branch-alias": {
                    "dev-master": "1.x-dev"
                }
            },
            "autoload": {
                "psr-4": {
                    "Jean85\\": "src/"
                }
            },
            "notification-url": "https://packagist.org/downloads/",
            "license": [
                "MIT"
            ],
            "authors": [
                {
                    "name": "Alessandro Lai",
                    "email": "alessandro.lai85@gmail.com"
                }
            ],
            "description": "A wrapper for ocramius/package-versions to get pretty versions strings",
            "keywords": [
                "composer",
                "package",
                "release",
                "versions"
            ],
            "support": {
                "issues": "https://github.com/Jean85/pretty-package-versions/issues",
                "source": "https://github.com/Jean85/pretty-package-versions/tree/1.6.0"
            },
            "time": "2021-02-04T16:20:16+00:00"
        },
        {
            "name": "mongodb/mongodb",
            "version": "1.8.0",
            "source": {
                "type": "git",
                "url": "https://github.com/mongodb/mongo-php-library.git",
                "reference": "953dbc19443aa9314c44b7217a16873347e6840d"
            },
            "dist": {
                "type": "zip",
                "url": "https://api.github.com/repos/mongodb/mongo-php-library/zipball/953dbc19443aa9314c44b7217a16873347e6840d",
                "reference": "953dbc19443aa9314c44b7217a16873347e6840d",
                "shasum": ""
            },
            "require": {
                "ext-hash": "*",
                "ext-json": "*",
                "ext-mongodb": "^1.8.1",
                "jean85/pretty-package-versions": "^1.2",
                "php": "^7.0 || ^8.0",
                "symfony/polyfill-php80": "^1.19"
            },
            "require-dev": {
                "squizlabs/php_codesniffer": "^3.5, <3.5.5",
                "symfony/phpunit-bridge": "5.x-dev"
            },
            "type": "library",
            "extra": {
                "branch-alias": {
                    "dev-master": "1.8.x-dev"
                }
            },
            "autoload": {
                "files": [
                    "src/functions.php"
                ],
                "psr-4": {
                    "MongoDB\\": "src/"
                }
            },
            "notification-url": "https://packagist.org/downloads/",
            "license": [
                "Apache-2.0"
            ],
            "authors": [
                {
                    "name": "Andreas Braun",
                    "email": "andreas.braun@mongodb.com"
                },
                {
                    "name": "Jeremy Mikola",
                    "email": "jmikola@gmail.com"
                }
            ],
            "description": "MongoDB driver library",
            "homepage": "https://jira.mongodb.org/browse/PHPLIB",
            "keywords": [
                "database",
                "driver",
                "mongodb",
                "persistence"
            ],
            "support": {
                "issues": "https://github.com/mongodb/mongo-php-library/issues",
                "source": "https://github.com/mongodb/mongo-php-library/tree/1.8.0"
            },
            "time": "2020-11-25T12:26:02+00:00"
        },
        {
            "name": "symfony/polyfill-php80",
            "version": "v1.31.0",
            "source": {
                "type": "git",
                "url": "https://github.com/symfony/polyfill-php80.git",
                "reference": "60328e362d4c2c802a54fcbf04f9d3fb892b4cf8"
            },
            "dist": {
                "type": "zip",
                "url": "https://api.github.com/repos/symfony/polyfill-php80/zipball/60328e362d4c2c802a54fcbf04f9d3fb892b4cf8",
                "reference": "60328e362d4c2c802a54fcbf04f9d3fb892b4cf8",
                "shasum": ""
            },
            "require": {
                "php": ">=7.2"
            },
            "type": "library",
            "extra": {
                "thanks": {
                    "url": "https://github.com/symfony/polyfill",
                    "name": "symfony/polyfill"
                }
            },
            "autoload": {
                "files": [
                    "bootstrap.php"
                ],
                "psr-4": {
                    "Symfony\\Polyfill\\Php80\\": ""
                },
                "classmap": [
                    "Resources/stubs"
                ]
            },
            "notification-url": "https://packagist.org/downloads/",
            "license": [
                "MIT"
            ],
            "authors": [
                {
                    "name": "Ion Bazan",
                    "email": "ion.bazan@gmail.com"
                },
                {
                    "name": "Nicolas Grekas",
                    "email": "p@tchwork.com"
                },
                {
                    "name": "Symfony Community",
                    "homepage": "https://symfony.com/contributors"
                }
            ],
            "description": "Symfony polyfill backporting some PHP 8.0+ features to lower PHP versions",
            "homepage": "https://symfony.com",
            "keywords": [
                "compatibility",
                "polyfill",
                "portable",
                "shim"
            ],
            "support": {
                "source": "https://github.com/symfony/polyfill-php80/tree/v1.31.0"
            },
            "funding": [
                {
                    "url": "https://symfony.com/sponsor",
                    "type": "custom"
                },
                {
                    "url": "https://github.com/fabpot",
                    "type": "github"
                },
                {
                    "url": "https://tidelift.com/funding/github/packagist/symfony/symfony",
                    "type": "tidelift"
                }
            ],
            "time": "2024-09-09T11:45:10+00:00"
        },
        {
            "name": "utopia-php/cache",
            "version": "0.6.1",
            "source": {
                "type": "git",
                "url": "https://github.com/utopia-php/cache.git",
                "reference": "9889235a6d3da6cbb1f435201529da4d27c30e79"
            },
            "dist": {
                "type": "zip",
                "url": "https://api.github.com/repos/utopia-php/cache/zipball/9889235a6d3da6cbb1f435201529da4d27c30e79",
                "reference": "9889235a6d3da6cbb1f435201529da4d27c30e79",
                "shasum": ""
            },
            "require": {
                "ext-json": "*",
                "ext-redis": "*",
                "php": ">=8.0"
            },
            "require-dev": {
                "phpunit/phpunit": "^9.3",
                "vimeo/psalm": "4.13.1"
            },
            "type": "library",
            "autoload": {
                "psr-4": {
                    "Utopia\\Cache\\": "src/Cache"
                }
            },
            "notification-url": "https://packagist.org/downloads/",
            "license": [
                "MIT"
            ],
            "authors": [
                {
                    "name": "Eldad Fux",
                    "email": "eldad@appwrite.io"
                }
            ],
            "description": "A simple cache library to manage application cache storing, loading and purging",
            "keywords": [
                "cache",
                "framework",
                "php",
                "upf",
                "utopia"
            ],
            "support": {
                "issues": "https://github.com/utopia-php/cache/issues",
                "source": "https://github.com/utopia-php/cache/tree/0.6.1"
            },
            "time": "2022-08-10T08:12:46+00:00"
        },
        {
            "name": "utopia-php/database",
            "version": "0.27.0",
            "source": {
                "type": "git",
                "url": "https://github.com/utopia-php/database.git",
                "reference": "0644cd8a7efee2fc745ed70dbf2b73a78eeefa52"
            },
            "dist": {
                "type": "zip",
                "url": "https://api.github.com/repos/utopia-php/database/zipball/0644cd8a7efee2fc745ed70dbf2b73a78eeefa52",
                "reference": "0644cd8a7efee2fc745ed70dbf2b73a78eeefa52",
                "shasum": ""
            },
            "require": {
                "ext-mongodb": "*",
                "ext-pdo": "*",
                "ext-redis": "*",
                "mongodb/mongodb": "1.8.0",
                "php": ">=8.0",
                "utopia-php/cache": "0.6.*",
                "utopia-php/framework": "0.*.*"
            },
            "require-dev": {
                "fakerphp/faker": "^1.14",
                "phpunit/phpunit": "^9.4",
                "swoole/ide-helper": "4.8.0",
                "utopia-php/cli": "^0.11.0",
                "vimeo/psalm": "4.0.1"
            },
            "type": "library",
            "autoload": {
                "psr-4": {
                    "Utopia\\Database\\": "src/Database"
                }
            },
            "notification-url": "https://packagist.org/downloads/",
            "license": [
                "MIT"
            ],
            "description": "A simple library to manage application persistency using multiple database adapters",
            "keywords": [
                "database",
                "framework",
                "php",
                "upf",
                "utopia"
            ],
            "support": {
                "issues": "https://github.com/utopia-php/database/issues",
                "source": "https://github.com/utopia-php/database/tree/0.27.0"
            },
            "time": "2022-10-16T07:39:26+00:00"
        },
        {
            "name": "utopia-php/di",
            "version": "0.1.0",
            "source": {
                "type": "git",
                "url": "https://github.com/utopia-php/di.git",
                "reference": "22490c95f7ac3898ed1c33f1b1b5dd577305ee31"
            },
            "dist": {
                "type": "zip",
                "url": "https://api.github.com/repos/utopia-php/di/zipball/22490c95f7ac3898ed1c33f1b1b5dd577305ee31",
                "reference": "22490c95f7ac3898ed1c33f1b1b5dd577305ee31",
                "shasum": ""
            },
            "require": {
                "php": ">=8.2"
            },
            "require-dev": {
                "laravel/pint": "^1.2",
                "phpbench/phpbench": "^1.2",
                "phpstan/phpstan": "^1.10",
                "phpunit/phpunit": "^9.5.25",
                "swoole/ide-helper": "4.8.3"
            },
            "type": "library",
            "autoload": {
                "psr-4": {
                    "Utopia\\": "src/",
                    "Tests\\E2E\\": "tests/e2e"
                }
            },
            "notification-url": "https://packagist.org/downloads/",
            "license": [
                "MIT"
            ],
            "description": "A simple and lite library for managing dependency injections",
            "keywords": [
                "framework",
                "http",
                "php",
                "upf"
            ],
            "support": {
                "issues": "https://github.com/utopia-php/di/issues",
                "source": "https://github.com/utopia-php/di/tree/0.1.0"
            },
            "time": "2024-08-08T14:35:19+00:00"
        },
        {
            "name": "utopia-php/framework",
            "version": "0.34.3",
            "source": {
                "type": "git",
                "url": "https://github.com/utopia-php/http.git",
                "reference": "e3bbca07c1df4e908ea9d3ce4f59367a7696b66b"
            },
            "dist": {
                "type": "zip",
                "url": "https://api.github.com/repos/utopia-php/http/zipball/e3bbca07c1df4e908ea9d3ce4f59367a7696b66b",
                "reference": "e3bbca07c1df4e908ea9d3ce4f59367a7696b66b",
                "shasum": ""
            },
            "require": {
                "ext-swoole": "*",
                "php": ">=8.0"
            },
            "require-dev": {
                "laravel/pint": "^1.2",
                "phpbench/phpbench": "^1.2",
                "phpstan/phpstan": "^1.10",
                "phpunit/phpunit": "^9.5.25",
                "swoole/ide-helper": "4.8.3"
            },
            "type": "library",
            "autoload": {
                "psr-4": {
                    "Utopia\\": "src/",
                    "Tests\\E2E\\": "tests/e2e"
                }
            },
            "notification-url": "https://packagist.org/downloads/",
            "license": [
                "MIT"
            ],
            "description": "A simple, light and advanced PHP HTTP framework",
            "keywords": [
                "framework",
                "http",
                "php",
                "upf"
            ],
            "support": {
                "issues": "https://github.com/utopia-php/http/issues",
                "source": "https://github.com/utopia-php/http/tree/0.34.3"
            },
            "time": "2024-07-02T15:08:46+00:00"
        },
        {
            "name": "utopia-php/http",
            "version": "1.0.2",
            "source": {
                "type": "git",
                "url": "https://github.com/utopia-php/http.git",
                "reference": "fc63ec61c720190a5ea5bb484c615145850951e6"
            },
            "dist": {
                "type": "zip",
                "url": "https://api.github.com/repos/utopia-php/http/zipball/fc63ec61c720190a5ea5bb484c615145850951e6",
                "reference": "fc63ec61c720190a5ea5bb484c615145850951e6",
                "shasum": ""
            },
            "require": {
                "ext-swoole": "*",
                "php": ">=8.0",
                "utopia-php/servers": "0.1.*"
            },
            "require-dev": {
                "ext-xdebug": "*",
                "laravel/pint": "^1.2",
                "phpbench/phpbench": "^1.2",
                "phpstan/phpstan": "^1.10",
                "phpunit/phpunit": "^9.5.25",
                "swoole/ide-helper": "4.8.3"
            },
            "type": "library",
            "autoload": {
                "psr-4": {
                    "Utopia\\": "src/"
                }
            },
            "notification-url": "https://packagist.org/downloads/",
            "license": [
                "MIT"
            ],
            "description": "A simple, light and advanced PHP HTTP framework",
            "keywords": [
                "framework",
                "http",
                "php",
                "upf"
            ],
            "support": {
                "issues": "https://github.com/utopia-php/http/issues",
                "source": "https://github.com/utopia-php/http/tree/1.0.2"
            },
            "time": "2024-09-10T09:04:19+00:00"
        },
        {
            "name": "utopia-php/servers",
            "version": "0.1.1",
            "source": {
                "type": "git",
                "url": "https://github.com/utopia-php/servers.git",
                "reference": "fd5c8d32778f265256c1936372a071b944f5ba8a"
            },
            "dist": {
                "type": "zip",
                "url": "https://api.github.com/repos/utopia-php/servers/zipball/fd5c8d32778f265256c1936372a071b944f5ba8a",
                "reference": "fd5c8d32778f265256c1936372a071b944f5ba8a",
                "shasum": ""
            },
            "require": {
                "php": ">=8.0",
                "utopia-php/di": "0.1.*"
            },
            "require-dev": {
                "laravel/pint": "^0.2.3",
                "phpstan/phpstan": "^1.8",
                "phpunit/phpunit": "^9.5.5"
            },
            "type": "library",
            "autoload": {
                "psr-4": {
                    "Utopia\\Servers\\": "src/Servers"
                }
            },
            "notification-url": "https://packagist.org/downloads/",
            "license": [
                "MIT"
            ],
            "authors": [
                {
                    "name": "Team Appwrite",
                    "email": "team@appwrite.io"
                }
            ],
            "description": "A base library for building Utopia style servers.",
            "keywords": [
                "framework",
                "php",
                "servers",
                "upf",
                "utopia"
            ],
            "support": {
                "issues": "https://github.com/utopia-php/servers/issues",
                "source": "https://github.com/utopia-php/servers/tree/0.1.1"
            },
            "time": "2024-09-06T02:25:56+00:00"
        }
    ],
    "packages-dev": [
        {
            "name": "laravel/pint",
            "version": "v1.18.3",
            "source": {
                "type": "git",
                "url": "https://github.com/laravel/pint.git",
                "reference": "cef51821608239040ab841ad6e1c6ae502ae3026"
            },
            "dist": {
                "type": "zip",
                "url": "https://api.github.com/repos/laravel/pint/zipball/cef51821608239040ab841ad6e1c6ae502ae3026",
                "reference": "cef51821608239040ab841ad6e1c6ae502ae3026",
                "shasum": ""
            },
            "require": {
                "ext-json": "*",
                "ext-mbstring": "*",
                "ext-tokenizer": "*",
                "ext-xml": "*",
                "php": "^8.1.0"
            },
            "require-dev": {
                "friendsofphp/php-cs-fixer": "^3.65.0",
                "illuminate/view": "^10.48.24",
                "larastan/larastan": "^2.9.11",
                "laravel-zero/framework": "^10.4.0",
                "mockery/mockery": "^1.6.12",
                "nunomaduro/termwind": "^1.17.0",
                "pestphp/pest": "^2.36.0"
            },
            "bin": [
                "builds/pint"
            ],
            "type": "project",
            "autoload": {
                "psr-4": {
                    "App\\": "app/",
                    "Database\\Seeders\\": "database/seeders/",
                    "Database\\Factories\\": "database/factories/"
                }
            },
            "notification-url": "https://packagist.org/downloads/",
            "license": [
                "MIT"
            ],
            "authors": [
                {
                    "name": "Nuno Maduro",
                    "email": "enunomaduro@gmail.com"
                }
            ],
            "description": "An opinionated code formatter for PHP.",
            "homepage": "https://laravel.com",
            "keywords": [
                "format",
                "formatter",
                "lint",
                "linter",
                "php"
            ],
            "support": {
                "issues": "https://github.com/laravel/pint/issues",
                "source": "https://github.com/laravel/pint"
            },
            "time": "2024-11-26T15:34:00+00:00"
        }
    ],
    "aliases": [],
    "minimum-stability": "stable",
    "stability-flags": {},
    "prefer-stable": false,
    "prefer-lowest": false,
    "platform": {
        "ext-pdo": "*",
        "ext-json": "*"
    },
    "platform-dev": {},
    "plugin-api-version": "2.6.0"
}
