{
    "_readme": [
        "This file locks the dependencies of your project to a known state",
        "Read more about it at https://getcomposer.org/doc/01-basic-usage.md#installing-dependencies",
        "This file is @generated automatically"
    ],
    "content-hash": "280d5f0ca19580c0ccc9b5900d054ac8",
    "packages": [
        {
            "name": "utopia-php/di",
            "version": "0.1.0",
            "source": {
                "type": "git",
                "url": "https://github.com/utopia-php/di.git",
                "reference": "22490c95f7ac3898ed1c33f1b1b5dd577305ee31"
            },
            "dist": {
                "type": "zip",
                "url": "https://api.github.com/repos/utopia-php/di/zipball/22490c95f7ac3898ed1c33f1b1b5dd577305ee31",
                "reference": "22490c95f7ac3898ed1c33f1b1b5dd577305ee31",
                "shasum": ""
            },
            "require": {
                "php": ">=8.2"
            },
            "require-dev": {
                "laravel/pint": "^1.2",
                "phpbench/phpbench": "^1.2",
                "phpstan/phpstan": "^1.10",
                "phpunit/phpunit": "^9.5.25",
                "swoole/ide-helper": "4.8.3"
            },
            "type": "library",
            "autoload": {
                "psr-4": {
                    "Utopia\\": "src/",
                    "Tests\\E2E\\": "tests/e2e"
                }
            },
            "notification-url": "https://packagist.org/downloads/",
            "license": [
                "MIT"
            ],
            "description": "A simple and lite library for managing dependency injections",
            "keywords": [
                "framework",
                "http",
                "php",
                "upf"
            ],
            "support": {
                "issues": "https://github.com/utopia-php/di/issues",
                "source": "https://github.com/utopia-php/di/tree/0.1.0"
            },
            "time": "2024-08-08T14:35:19+00:00"
        },
        {
            "name": "utopia-php/http",
            "version": "1.0.2",
            "source": {
                "type": "git",
                "url": "https://github.com/utopia-php/http.git",
                "reference": "fc63ec61c720190a5ea5bb484c615145850951e6"
            },
            "dist": {
                "type": "zip",
                "url": "https://api.github.com/repos/utopia-php/http/zipball/fc63ec61c720190a5ea5bb484c615145850951e6",
                "reference": "fc63ec61c720190a5ea5bb484c615145850951e6",
                "shasum": ""
            },
            "require": {
                "ext-swoole": "*",
                "php": ">=8.0",
                "utopia-php/servers": "0.1.*"
            },
            "require-dev": {
                "ext-xdebug": "*",
                "laravel/pint": "^1.2",
                "phpbench/phpbench": "^1.2",
                "phpstan/phpstan": "^1.10",
                "phpunit/phpunit": "^9.5.25",
                "swoole/ide-helper": "4.8.3"
            },
            "type": "library",
            "autoload": {
                "psr-4": {
                    "Utopia\\": "src/"
                }
            },
            "notification-url": "https://packagist.org/downloads/",
            "license": [
                "MIT"
            ],
            "description": "A simple, light and advanced PHP HTTP framework",
            "keywords": [
                "framework",
                "http",
                "php",
                "upf"
            ],
            "support": {
                "issues": "https://github.com/utopia-php/http/issues",
                "source": "https://github.com/utopia-php/http/tree/1.0.2"
            },
            "time": "2024-09-10T09:04:19+00:00"
        },
        {
            "name": "utopia-php/servers",
            "version": "0.1.1",
            "source": {
                "type": "git",
                "url": "https://github.com/utopia-php/servers.git",
                "reference": "fd5c8d32778f265256c1936372a071b944f5ba8a"
            },
            "dist": {
                "type": "zip",
                "url": "https://api.github.com/repos/utopia-php/servers/zipball/fd5c8d32778f265256c1936372a071b944f5ba8a",
                "reference": "fd5c8d32778f265256c1936372a071b944f5ba8a",
                "shasum": ""
            },
            "require": {
                "php": ">=8.0",
                "utopia-php/di": "0.1.*"
            },
            "require-dev": {
                "laravel/pint": "^0.2.3",
                "phpstan/phpstan": "^1.8",
                "phpunit/phpunit": "^9.5.5"
            },
            "type": "library",
            "autoload": {
                "psr-4": {
                    "Utopia\\Servers\\": "src/Servers"
                }
            },
            "notification-url": "https://packagist.org/downloads/",
            "license": [
                "MIT"
            ],
            "authors": [
                {
                    "name": "Team Appwrite",
                    "email": "team@appwrite.io"
                }
            ],
            "description": "A base library for building Utopia style servers.",
            "keywords": [
                "framework",
                "php",
                "servers",
                "upf",
                "utopia"
            ],
            "support": {
                "issues": "https://github.com/utopia-php/servers/issues",
                "source": "https://github.com/utopia-php/servers/tree/0.1.1"
            },
            "time": "2024-09-06T02:25:56+00:00"
        }
    ],
    "packages-dev": [
        {
            "name": "laravel/pint",
            "version": "v1.18.3",
            "source": {
                "type": "git",
                "url": "https://github.com/laravel/pint.git",
                "reference": "cef51821608239040ab841ad6e1c6ae502ae3026"
            },
            "dist": {
                "type": "zip",
                "url": "https://api.github.com/repos/laravel/pint/zipball/cef51821608239040ab841ad6e1c6ae502ae3026",
                "reference": "cef51821608239040ab841ad6e1c6ae502ae3026",
                "shasum": ""
            },
            "require": {
                "ext-json": "*",
                "ext-mbstring": "*",
                "ext-tokenizer": "*",
                "ext-xml": "*",
                "php": "^8.1.0"
            },
            "require-dev": {
                "friendsofphp/php-cs-fixer": "^3.65.0",
                "illuminate/view": "^10.48.24",
                "larastan/larastan": "^2.9.11",
                "laravel-zero/framework": "^10.4.0",
                "mockery/mockery": "^1.6.12",
                "nunomaduro/termwind": "^1.17.0",
                "pestphp/pest": "^2.36.0"
            },
            "bin": [
                "builds/pint"
            ],
            "type": "project",
            "autoload": {
                "psr-4": {
                    "App\\": "app/",
                    "Database\\Seeders\\": "database/seeders/",
                    "Database\\Factories\\": "database/factories/"
                }
            },
            "notification-url": "https://packagist.org/downloads/",
            "license": [
                "MIT"
            ],
            "authors": [
                {
                    "name": "Nuno Maduro",
                    "email": "enunomaduro@gmail.com"
                }
            ],
            "description": "An opinionated code formatter for PHP.",
            "homepage": "https://laravel.com",
            "keywords": [
                "format",
                "formatter",
                "lint",
                "linter",
                "php"
            ],
            "support": {
                "issues": "https://github.com/laravel/pint/issues",
                "source": "https://github.com/laravel/pint"
            },
            "time": "2024-11-26T15:34:00+00:00"
        }
    ],
    "aliases": [],
    "minimum-stability": "stable",
    "stability-flags": {},
    "prefer-stable": false,
    "prefer-lowest": false,
    "platform": {
        "ext-json": "*"
    },
    "platform-dev": {},
    "plugin-api-version": "2.6.0"
}
